
Microsoft Visual Studio Solution File, Format Version 12.00
# Visual Studio Version 16
VisualStudioVersion = 16.0.28803.202
MinimumVisualStudioVersion = 10.0.40219.1
Project("{FAE04EC0-301F-11D3-BF4B-00C04F79EFBC}") = "Ltr", "Ltr\Ltr.csproj", "{A9041C94-A9E1-4214-AE3F-8E12F4B5CB24}"
EndProject
Project("{FAE04EC0-301F-11D3-BF4B-00C04F79EFBC}") = "BooksLibrary", "BooksLibrary\BooksLibrary.csproj", "{D0D6EF5E-0DF0-4983-A51B-FCCA81D6A6E4}"
EndProject
Project("{FAE04EC0-301F-11D3-BF4B-00C04F79EFBC}") = "TestApp", "TestApp\TestApp.csproj", "{8B1B5F90-4D71-4589-A02E-8481673660EE}"
EndProject
Global
	GlobalSection(SolutionConfigurationPlatforms) = preSolution
		Debug|Any CPU = Debug|Any CPU
		Release|Any CPU = Release|Any CPU
	EndGlobalSection
	GlobalSection(ProjectConfigurationPlatforms) = postSolution
		{A9041C94-A9E1-4214-AE3F-8E12F4B5CB24}.Debug|Any CPU.ActiveCfg = Debug|Any CPU
		{A9041C94-A9E1-4214-AE3F-8E12F4B5CB24}.Debug|Any CPU.Build.0 = Debug|Any CPU
		{A9041C94-A9E1-4214-AE3F-8E12F4B5CB24}.Release|Any CPU.ActiveCfg = Release|Any CPU
		{A9041C94-A9E1-4214-AE3F-8E12F4B5CB24}.Release|Any CPU.Build.0 = Release|Any CPU
		{D0D6EF5E-0DF0-4983-A51B-FCCA81D6A6E4}.Debug|Any CPU.ActiveCfg = Debug|Any CPU
		{D0D6EF5E-0DF0-4983-A51B-FCCA81D6A6E4}.Debug|Any CPU.Build.0 = Debug|Any CPU
		{D0D6EF5E-0DF0-4983-A51B-FCCA81D6A6E4}.Release|Any CPU.ActiveCfg = Release|Any CPU
		{D0D6EF5E-0DF0-4983-A51B-FCCA81D6A6E4}.Release|Any CPU.Build.0 = Release|Any CPU
		{8B1B5F90-4D71-4589-A02E-8481673660EE}.Debug|Any CPU.ActiveCfg = Debug|Any CPU
		{8B1B5F90-4D71-4589-A02E-8481673660EE}.Debug|Any CPU.Build.0 = Debug|Any CPU
		{8B1B5F90-4D71-4589-A02E-8481673660EE}.Release|Any CPU.ActiveCfg = Release|Any CPU
		{8B1B5F90-4D71-4589-A02E-8481673660EE}.Release|Any CPU.Build.0 = Release|Any CPU
	EndGlobalSection
	GlobalSection(SolutionProperties) = preSolution
		HideSolutionNode = FALSE
	EndGlobalSection
	GlobalSection(ExtensibilityGlobals) = postSolution
		SolutionGuid = {485C78EC-DF52-4917-BA13-D955F69E5BC9}
	EndGlobalSection
EndGlobal
